// !$*UTF8*$!
{
	archiveVersion = 1;
	classes = {
	};
	objectVersion = 56;
	objects = {

/* Begin PBXBuildFile section */
		2F84EAA62BC9B913005F00CD /* VideoPlayerView.swift in Sources */ = {isa = PBXBuildFile; fileRef = 2F84EAA52BC9B913005F00CD /* VideoPlayerView.swift */; };
		2FCBAFD72BCA45B10000A882 /* SwiftUIImageViewer.swift in Sources */ = {isa = PBXBuildFile; fileRef = 2FCBAFD62BCA45B10000A882 /* SwiftUIImageViewer.swift */; };
		2FCBAFD92BCA49570000A882 /* PDFViewerView.swift in Sources */ = {isa = PBXBuildFile; fileRef = 2FCBAFD82BCA49570000A882 /* PDFViewerView.swift */; };
		2FE240242BC8F81C00325EBC /* RealityKitContent in Frameworks */ = {isa = PBXBuildFile; productRef = 2FE240232BC8F81C00325EBC /* RealityKitContent */; };
		2FE240262BC8F81C00325EBC /* SocialDemoApp.swift in Sources */ = {isa = PBXBuildFile; fileRef = 2FE240252BC8F81C00325EBC /* SocialDemoApp.swift */; };
		2FE240282BC8F81C00325EBC /* ContentView.swift in Sources */ = {isa = PBXBuildFile; fileRef = 2FE240272BC8F81C00325EBC /* ContentView.swift */; };
		2FE2402A2BC8F81D00325EBC /* Assets.xcassets in Resources */ = {isa = PBXBuildFile; fileRef = 2FE240292BC8F81D00325EBC /* Assets.xcassets */; };
		2FE2402D2BC8F81D00325EBC /* Preview Assets.xcassets in Resources */ = {isa = PBXBuildFile; fileRef = 2FE2402C2BC8F81D00325EBC /* Preview Assets.xcassets */; };
		2FE240352BC8FBB800325EBC /* SocialDataModel.swift in Sources */ = {isa = PBXBuildFile; fileRef = 2FE240342BC8FBB800325EBC /* SocialDataModel.swift */; };
/* End PBXBuildFile section */

/* Begin PBXFileReference section */
		2F84EAA52BC9B913005F00CD /* VideoPlayerView.swift */ = {isa = PBXFileReference; lastKnownFileType = sourcecode.swift; path = VideoPlayerView.swift; sourceTree = "<group>"; };
		2FCBAFD62BCA45B10000A882 /* SwiftUIImageViewer.swift */ = {isa = PBXFileReference; lastKnownFileType = sourcecode.swift; path = SwiftUIImageViewer.swift; sourceTree = "<group>"; };
		2FCBAFD82BCA49570000A882 /* PDFViewerView.swift */ = {isa = PBXFileReference; lastKnownFileType = sourcecode.swift; path = PDFViewerView.swift; sourceTree = "<group>"; };
		2FE2401E2BC8F81C00325EBC /* SocialDemo.app */ = {isa = PBXFileReference; explicitFileType = wrapper.application; includeInIndex = 0; path = SocialDemo.app; sourceTree = BUILT_PRODUCTS_DIR; };
		2FE240222BC8F81C00325EBC /* RealityKitContent */ = {isa = PBXFileReference; lastKnownFileType = wrapper; path = RealityKitContent; sourceTree = "<group>"; };
		2FE240252BC8F81C00325EBC /* SocialDemoApp.swift */ = {isa = PBXFileReference; lastKnownFileType = sourcecode.swift; path = SocialDemoApp.swift; sourceTree = "<group>"; };
		2FE240272BC8F81C00325EBC /* ContentView.swift */ = {isa = PBXFileReference; lastKnownFileType = sourcecode.swift; path = ContentView.swift; sourceTree = "<group>"; };
		2FE240292BC8F81D00325EBC /* Assets.xcassets */ = {isa = PBXFileReference; lastKnownFileType = folder.assetcatalog; path = Assets.xcassets; sourceTree = "<group>"; };
		2FE2402C2BC8F81D00325EBC /* Preview Assets.xcassets */ = {isa = PBXFileReference; lastKnownFileType = folder.assetcatalog; path = "Preview Assets.xcassets"; sourceTree = "<group>"; };
		2FE2402E2BC8F81D00325EBC /* Info.plist */ = {isa = PBXFileReference; lastKnownFileType = text.plist.xml; path = Info.plist; sourceTree = "<group>"; };
		2FE240342BC8FBB800325EBC /* SocialDataModel.swift */ = {isa = PBXFileReference; lastKnownFileType = sourcecode.swift; path = SocialDataModel.swift; sourceTree = "<group>"; };
/* End PBXFileReference section */

/* Begin PBXFrameworksBuildPhase section */
		2FE2401B2BC8F81C00325EBC /* Frameworks */ = {
			isa = PBXFrameworksBuildPhase;
			buildActionMask = 2147483647;
			files = (
				2FE240242BC8F81C00325EBC /* RealityKitContent in Frameworks */,
			);
			runOnlyForDeploymentPostprocessing = 0;
		};
/* End PBXFrameworksBuildPhase section */

/* Begin PBXGroup section */
		2FE240152BC8F81C00325EBC = {
			isa = PBXGroup;
			children = (
				2FE240202BC8F81C00325EBC /* SocialDemo */,
				2FE240212BC8F81C00325EBC /* Packages */,
				2FE2401F2BC8F81C00325EBC /* Products */,
			);
			sourceTree = "<group>";
		};
		2FE2401F2BC8F81C00325EBC /* Products */ = {
			isa = PBXGroup;
			children = (
				2FE2401E2BC8F81C00325EBC /* SocialDemo.app */,
			);
			name = Products;
			sourceTree = "<group>";
		};
		2FE240202BC8F81C00325EBC /* SocialDemo */ = {
			isa = PBXGroup;
			children = (
				2FE240252BC8F81C00325EBC /* SocialDemoApp.swift */,
				2FE240272BC8F81C00325EBC /* ContentView.swift */,
				2F84EAA52BC9B913005F00CD /* VideoPlayerView.swift */,
				2FCBAFD62BCA45B10000A882 /* SwiftUIImageViewer.swift */,
				2FCBAFD82BCA49570000A882 /* PDFViewerView.swift */,
				2FE240342BC8FBB800325EBC /* SocialDataModel.swift */,
				2FE240292BC8F81D00325EBC /* Assets.xcassets */,
				2FE2402E2BC8F81D00325EBC /* Info.plist */,
				2FE2402B2BC8F81D00325EBC /* Preview Content */,
			);
			path = SocialDemo;
			sourceTree = "<group>";
		};
		2FE240212BC8F81C00325EBC /* Packages */ = {
			isa = PBXGroup;
			children = (
				2FE240222BC8F81C00325EBC /* RealityKitContent */,
			);
			path = Packages;
			sourceTree = "<group>";
		};
		2FE2402B2BC8F81D00325EBC /* Preview Content */ = {
			isa = PBXGroup;
			children = (
				2FE2402C2BC8F81D00325EBC /* Preview Assets.xcassets */,
			);
			path = "Preview Content";
			sourceTree = "<group>";
		};
/* End PBXGroup section */

/* Begin PBXNativeTarget section */
		2FE2401D2BC8F81C00325EBC /* SocialDemo */ = {
			isa = PBXNativeTarget;
			buildConfigurationList = 2FE240312BC8F81D00325EBC /* Build configuration list for PBXNativeTarget "SocialDemo" */;
			buildPhases = (
				2FE2401A2BC8F81C00325EBC /* Sources */,
				2FE2401B2BC8F81C00325EBC /* Frameworks */,
				2FE2401C2BC8F81C00325EBC /* Resources */,
			);
			buildRules = (
			);
			dependencies = (
			);
			name = SocialDemo;
			packageProductDependencies = (
				2FE240232BC8F81C00325EBC /* RealityKitContent */,
			);
			productName = SocialDemo;
			productReference = 2FE2401E2BC8F81C00325EBC /* SocialDemo.app */;
			productType = "com.apple.product-type.application";
		};
/* End PBXNativeTarget section */

/* Begin PBXProject section */
		2FE240162BC8F81C00325EBC /* Project object */ = {
			isa = PBXProject;
			attributes = {
				BuildIndependentTargetsInParallel = 1;
				LastSwiftUpdateCheck = 1530;
				LastUpgradeCheck = 1530;
				TargetAttributes = {
					2FE2401D2BC8F81C00325EBC = {
						CreatedOnToolsVersion = 15.3;
					};
				};
			};
			buildConfigurationList = 2FE240192BC8F81C00325EBC /* Build configuration list for PBXProject "SocialDemo" */;
			compatibilityVersion = "Xcode 14.0";
			developmentRegion = en;
			hasScannedForEncodings = 0;
			knownRegions = (
				en,
				Base,
			);
			mainGroup = 2FE240152BC8F81C00325EBC;
			productRefGroup = 2FE2401F2BC8F81C00325EBC /* Products */;
			projectDirPath = "";
			projectRoot = "";
			targets = (
				2FE2401D2BC8F81C00325EBC /* SocialDemo */,
			);
		};
/* End PBXProject section */

/* Begin PBXResourcesBuildPhase section */
		2FE2401C2BC8F81C00325EBC /* Resources */ = {
			isa = PBXResourcesBuildPhase;
			buildActionMask = 2147483647;
			files = (
				2FE2402D2BC8F81D00325EBC /* Preview Assets.xcassets in Resources */,
				2FE2402A2BC8F81D00325EBC /* Assets.xcassets in Resources */,
			);
			runOnlyForDeploymentPostprocessing = 0;
		};
/* End PBXResourcesBuildPhase section */

/* Begin PBXSourcesBuildPhase section */
		2FE2401A2BC8F81C00325EBC /* Sources */ = {
			isa = PBXSourcesBuildPhase;
			buildActionMask = 2147483647;
			files = (
				2FE240282BC8F81C00325EBC /* ContentView.swift in Sources */,
				2FCBAFD72BCA45B10000A882 /* SwiftUIImageViewer.swift in Sources */,
				2FE240352BC8FBB800325EBC /* SocialDataModel.swift in Sources */,
				2FCBAFD92BCA49570000A882 /* PDFViewerView.swift in Sources */,
				2FE240262BC8F81C00325EBC /* SocialDemoApp.swift in Sources */,
				2F84EAA62BC9B913005F00CD /* VideoPlayerView.swift in Sources */,
			);
			runOnlyForDeploymentPostprocessing = 0;
		};
/* End PBXSourcesBuildPhase section */

/* Begin XCBuildConfiguration section */
		2FE2402F2BC8F81D00325EBC /* Debug */ = {
			isa = XCBuildConfiguration;
			buildSettings = {
				ALWAYS_SEARCH_USER_PATHS = NO;
				ASSETCATALOG_COMPILER_GENERATE_SWIFT_ASSET_SYMBOL_EXTENSIONS = YES;
				CLANG_ANALYZER_NONNULL = YES;
				CLANG_ANALYZER_NUMBER_OBJECT_CONVERSION = YES_AGGRESSIVE;
				CLANG_CXX_LANGUAGE_STANDARD = "gnu++20";
				CLANG_ENABLE_MODULES = YES;
				CLANG_ENABLE_OBJC_ARC = YES;
				CLANG_ENABLE_OBJC_WEAK = YES;
				CLANG_WARN_BLOCK_CAPTURE_AUTORELEASING = YES;
				CLANG_WARN_BOOL_CONVERSION = YES;
				CLANG_WARN_COMMA = YES;
				CLANG_WARN_CONSTANT_CONVERSION = YES;
				CLANG_WARN_DEPRECATED_OBJC_IMPLEMENTATIONS = YES;
				CLANG_WARN_DIRECT_OBJC_ISA_USAGE = YES_ERROR;
				CLANG_WARN_DOCUMENTATION_COMMENTS = YES;
				CLANG_WARN_EMPTY_BODY = YES;
				CLANG_WARN_ENUM_CONVERSION = YES;
				CLANG_WARN_INFINITE_RECURSION = YES;
				CLANG_WARN_INT_CONVERSION = YES;
				CLANG_WARN_NON_LITERAL_NULL_CONVERSION = YES;
				CLANG_WARN_OBJC_IMPLICIT_RETAIN_SELF = YES;
				CLANG_WARN_OBJC_LITERAL_CONVERSION = YES;
				CLANG_WARN_OBJC_ROOT_CLASS = YES_ERROR;
				CLANG_WARN_QUOTED_INCLUDE_IN_FRAMEWORK_HEADER = YES;
				CLANG_WARN_RANGE_LOOP_ANALYSIS = YES;
				CLANG_WARN_STRICT_PROTOTYPES = YES;
				CLANG_WARN_SUSPICIOUS_MOVE = YES;
				CLANG_WARN_UNGUARDED_AVAILABILITY = YES_AGGRESSIVE;
				CLANG_WARN_UNREACHABLE_CODE = YES;
				CLANG_WARN__DUPLICATE_METHOD_MATCH = YES;
				COPY_PHASE_STRIP = NO;
				DEBUG_INFORMATION_FORMAT = dwarf;
				ENABLE_STRICT_OBJC_MSGSEND = YES;
				ENABLE_TESTABILITY = YES;
				ENABLE_USER_SCRIPT_SANDBOXING = YES;
				GCC_C_LANGUAGE_STANDARD = gnu17;
				GCC_DYNAMIC_NO_PIC = NO;
				GCC_NO_COMMON_BLOCKS = YES;
				GCC_OPTIMIZATION_LEVEL = 0;
				GCC_PREPROCESSOR_DEFINITIONS = (
					"DEBUG=1",
					"$(inherited)",
				);
				GCC_WARN_64_TO_32_BIT_CONVERSION = YES;
				GCC_WARN_ABOUT_RETURN_TYPE = YES_ERROR;
				GCC_WARN_UNDECLARED_SELECTOR = YES;
				GCC_WARN_UNINITIALIZED_AUTOS = YES_AGGRESSIVE;
				GCC_WARN_UNUSED_FUNCTION = YES;
				GCC_WARN_UNUSED_VARIABLE = YES;
				LOCALIZATION_PREFERS_STRING_CATALOGS = YES;
				MTL_ENABLE_DEBUG_INFO = INCLUDE_SOURCE;
				MTL_FAST_MATH = YES;
				ONLY_ACTIVE_ARCH = YES;
				SDKROOT = xros;
				SWIFT_ACTIVE_COMPILATION_CONDITIONS = "DEBUG $(inherited)";
				SWIFT_OPTIMIZATION_LEVEL = "-Onone";
				XROS_DEPLOYMENT_TARGET = 1.1;
			};
			name = Debug;
		};
		2FE240302BC8F81D00325EBC /* Release */ = {
			isa = XCBuildConfiguration;
			buildSettings = {
				ALWAYS_SEARCH_USER_PATHS = NO;
				ASSETCATALOG_COMPILER_GENERATE_SWIFT_ASSET_SYMBOL_EXTENSIONS = YES;
				CLANG_ANALYZER_NONNULL = YES;
				CLANG_ANALYZER_NUMBER_OBJECT_CONVERSION = YES_AGGRESSIVE;
				CLANG_CXX_LANGUAGE_STANDARD = "gnu++20";
				CLANG_ENABLE_MODULES = YES;
				CLANG_ENABLE_OBJC_ARC = YES;
				CLANG_ENABLE_OBJC_WEAK = YES;
				CLANG_WARN_BLOCK_CAPTURE_AUTORELEASING = YES;
				CLANG_WARN_BOOL_CONVERSION = YES;
				CLANG_WARN_COMMA = YES;
				CLANG_WARN_CONSTANT_CONVERSION = YES;
				CLANG_WARN_DEPRECATED_OBJC_IMPLEMENTATIONS = YES;
				CLANG_WARN_DIRECT_OBJC_ISA_USAGE = YES_ERROR;
				CLANG_WARN_DOCUMENTATION_COMMENTS = YES;
				CLANG_WARN_EMPTY_BODY = YES;
				CLANG_WARN_ENUM_CONVERSION = YES;
				CLANG_WARN_INFINITE_RECURSION = YES;
				CLANG_WARN_INT_CONVERSION = YES;
				CLANG_WARN_NON_LITERAL_NULL_CONVERSION = YES;
				CLANG_WARN_OBJC_IMPLICIT_RETAIN_SELF = YES;
				CLANG_WARN_OBJC_LITERAL_CONVERSION = YES;
				CLANG_WARN_OBJC_ROOT_CLASS = YES_ERROR;
				CLANG_WARN_QUOTED_INCLUDE_IN_FRAMEWORK_HEADER = YES;
				CLANG_WARN_RANGE_LOOP_ANALYSIS = YES;
				CLANG_WARN_STRICT_PROTOTYPES = YES;
				CLANG_WARN_SUSPICIOUS_MOVE = YES;
				CLANG_WARN_UNGUARDED_AVAILABILITY = YES_AGGRESSIVE;
				CLANG_WARN_UNREACHABLE_CODE = YES;
				CLANG_WARN__DUPLICATE_METHOD_MATCH = YES;
				COPY_PHASE_STRIP = NO;
				DEBUG_INFORMATION_FORMAT = "dwarf-with-dsym";
				ENABLE_NS_ASSERTIONS = NO;
				ENABLE_STRICT_OBJC_MSGSEND = YES;
				ENABLE_USER_SCRIPT_SANDBOXING = YES;
				GCC_C_LANGUAGE_STANDARD = gnu17;
				GCC_NO_COMMON_BLOCKS = YES;
				GCC_WARN_64_TO_32_BIT_CONVERSION = YES;
				GCC_WARN_ABOUT_RETURN_TYPE = YES_ERROR;
				GCC_WARN_UNDECLARED_SELECTOR = YES;
				GCC_WARN_UNINITIALIZED_AUTOS = YES_AGGRESSIVE;
				GCC_WARN_UNUSED_FUNCTION = YES;
				GCC_WARN_UNUSED_VARIABLE = YES;
				LOCALIZATION_PREFERS_STRING_CATALOGS = YES;
				MTL_ENABLE_DEBUG_INFO = NO;
				MTL_FAST_MATH = YES;
				SDKROOT = xros;
				SWIFT_COMPILATION_MODE = wholemodule;
				VALIDATE_PRODUCT = YES;
				XROS_DEPLOYMENT_TARGET = 1.1;
			};
			name = Release;
		};
		2FE240322BC8F81D00325EBC /* Debug */ = {
			isa = XCBuildConfiguration;
			buildSettings = {
				ASSETCATALOG_COMPILER_APPICON_NAME = AppIcon;
				ASSETCATALOG_COMPILER_GLOBAL_ACCENT_COLOR_NAME = AccentColor;
				CODE_SIGN_STYLE = Automatic;
				CURRENT_PROJECT_VERSION = 1;
				DEVELOPMENT_ASSET_PATHS = "\"SocialDemo/Preview Content\"";
				DEVELOPMENT_TEAM = YLHGKX333U;
				ENABLE_PREVIEWS = YES;
				GENERATE_INFOPLIST_FILE = YES;
				INFOPLIST_FILE = "$(TARGET_NAME)/Info.plist";
				LD_RUNPATH_SEARCH_PATHS = (
					"$(inherited)",
					"@executable_path/Frameworks",
				);
				MARKETING_VERSION = 1.0;
				PRODUCT_BUNDLE_IDENTIFIER = com.cizo.SocialDemo;
				PRODUCT_NAME = "$(TARGET_NAME)";
				SUPPORTED_PLATFORMS = "xros xrsimulator";
				SWIFT_EMIT_LOC_STRINGS = YES;
				SWIFT_VERSION = 5.0;
				TARGETED_DEVICE_FAMILY = "1,2,7";
			};
			name = Debug;
		};
		2FE240332BC8F81D00325EBC /* Release */ = {
			isa = XCBuildConfiguration;
			buildSettings = {
				ASSETCATALOG_COMPILER_APPICON_NAME = AppIcon;
				ASSETCATALOG_COMPILER_GLOBAL_ACCENT_COLOR_NAME = AccentColor;
				CODE_SIGN_STYLE = Automatic;
				CURRENT_PROJECT_VERSION = 1;
				DEVELOPMENT_ASSET_PATHS = "\"SocialDemo/Preview Content\"";
				DEVELOPMENT_TEAM = YLHGKX333U;
				ENABLE_PREVIEWS = YES;
				GENERATE_INFOPLIST_FILE = YES;
				INFOPLIST_FILE = "$(TARGET_NAME)/Info.plist";
				LD_RUNPATH_SEARCH_PATHS = (
					"$(inherited)",
					"@executable_path/Frameworks",
				);
				MARKETING_VERSION = 1.0;
				PRODUCT_BUNDLE_IDENTIFIER = com.cizo.SocialDemo;
				PRODUCT_NAME = "$(TARGET_NAME)";
				SUPPORTED_PLATFORMS = "xros xrsimulator";
				SWIFT_EMIT_LOC_STRINGS = YES;
				SWIFT_VERSION = 5.0;
				TARGETED_DEVICE_FAMILY = "1,2,7";
			};
			name = Release;
		};
/* End XCBuildConfiguration section */

/* Begin XCConfigurationList section */
		2FE240192BC8F81C00325EBC /* Build configuration list for PBXProject "SocialDemo" */ = {
			isa = XCConfigurationList;
			buildConfigurations = (
				2FE2402F2BC8F81D00325EBC /* Debug */,
				2FE240302BC8F81D00325EBC /* Release */,
			);
			defaultConfigurationIsVisible = 0;
			defaultConfigurationName = Release;
		};
		2FE240312BC8F81D00325EBC /* Build configuration list for PBXNativeTarget "SocialDemo" */ = {
			isa = XCConfigurationList;
			buildConfigurations = (
				2FE240322BC8F81D00325EBC /* Debug */,
				2FE240332BC8F81D00325EBC /* Release */,
			);
			defaultConfigurationIsVisible = 0;
			defaultConfigurationName = Release;
		};
/* End XCConfigurationList section */

/* Begin XCSwiftPackageProductDependency section */
		2FE240232BC8F81C00325EBC /* RealityKitContent */ = {
			isa = XCSwiftPackageProductDependency;
			productName = RealityKitContent;
		};
/* End XCSwiftPackageProductDependency section */
	};
	rootObject = 2FE240162BC8F81C00325EBC /* Project object */;
}
